
Microsoft Visual Studio Solution File, Format Version 12.00
# Visual Studio Version 17
VisualStudioVersion = 17.3.32804.467
MinimumVisualStudioVersion = 10.0.40219.1
Project("{9A19103F-16F7-4668-BE54-9A1E7A4F7556}") = "AzureApp.Server", "src\Server\AzureApp.Server.csproj", "{FD8864E1-2B7F-4D7A-8DDB-C969C950B8BD}"
EndProject
Project("{9A19103F-16F7-4668-BE54-9A1E7A4F7556}") = "AzureApp.Client", "src\Client\AzureApp.Client.csproj", "{3894A335-2454-41E9-8F0F-0EC100C66006}"
EndProject
Project("{9A19103F-16F7-4668-BE54-9A1E7A4F7556}") = "AzureApp.Shared", "src\Shared\AzureApp.Shared.csproj", "{D8426612-DF5F-419D-B9AF-3BD5CB7D80AB}"
EndProject
Global
	GlobalSection(SolutionConfigurationPlatforms) = preSolution
		Debug|Any CPU = Debug|Any CPU
		Release|Any CPU = Release|Any CPU
	EndGlobalSection
	GlobalSection(ProjectConfigurationPlatforms) = postSolution
		{FD8864E1-2B7F-4D7A-8DDB-C969C950B8BD}.Debug|Any CPU.ActiveCfg = Debug|Any CPU
		{FD8864E1-2B7F-4D7A-8DDB-C969C950B8BD}.Debug|Any CPU.Build.0 = Debug|Any CPU
		{FD8864E1-2B7F-4D7A-8DDB-C969C950B8BD}.Release|Any CPU.ActiveCfg = Release|Any CPU
		{FD8864E1-2B7F-4D7A-8DDB-C969C950B8BD}.Release|Any CPU.Build.0 = Release|Any CPU
		{3894A335-2454-41E9-8F0F-0EC100C66006}.Debug|Any CPU.ActiveCfg = Debug|Any CPU
		{3894A335-2454-41E9-8F0F-0EC100C66006}.Debug|Any CPU.Build.0 = Debug|Any CPU
		{3894A335-2454-41E9-8F0F-0EC100C66006}.Release|Any CPU.ActiveCfg = Release|Any CPU
		{3894A335-2454-41E9-8F0F-0EC100C66006}.Release|Any CPU.Build.0 = Release|Any CPU
		{D8426612-DF5F-419D-B9AF-3BD5CB7D80AB}.Debug|Any CPU.ActiveCfg = Debug|Any CPU
		{D8426612-DF5F-419D-B9AF-3BD5CB7D80AB}.Debug|Any CPU.Build.0 = Debug|Any CPU
		{D8426612-DF5F-419D-B9AF-3BD5CB7D80AB}.Release|Any CPU.ActiveCfg = Release|Any CPU
		{D8426612-DF5F-419D-B9AF-3BD5CB7D80AB}.Release|Any CPU.Build.0 = Release|Any CPU
	EndGlobalSection
	GlobalSection(SolutionProperties) = preSolution
		HideSolutionNode = FALSE
	EndGlobalSection
	GlobalSection(ExtensibilityGlobals) = postSolution
		SolutionGuid = {8B9B3866-C432-4648-B7C6-4634B283857C}
	EndGlobalSection
EndGlobal
